
Microsoft Visual Studio Solution File, Format Version 12.00
# Visual Studio Version 17
VisualStudioVersion = 17.8.34408.163
MinimumVisualStudioVersion = 10.0.40219.1
Project("{9A19103F-16F7-4668-BE54-9A1E7A4F7556}") = "M001", "M001\M001.csproj", "{B99B2983-1DFD-4CB0-A143-9FAA8E293974}"
EndProject
Project("{9A19103F-16F7-4668-BE54-9A1E7A4F7556}") = "M002", "M002\M002.csproj", "{D1F59C8C-A26B-4955-B47C-CDF19136B8F2}"
EndProject
Project("{9A19103F-16F7-4668-BE54-9A1E7A4F7556}") = "M000", "M000\M000.csproj", "{F1570C63-BA80-485C-B86B-0D720618DA40}"
EndProject
Project("{9A19103F-16F7-4668-BE54-9A1E7A4F7556}") = "M003", "M003\M003.csproj", "{86801E99-048E-4303-8B08-0EABC374087C}"
EndProject
Project("{9A19103F-16F7-4668-BE54-9A1E7A4F7556}") = "M004", "M004\M004.csproj", "{F43CE0B0-DADC-45DC-9D1D-3BCD054CC953}"
EndProject
Project("{9A19103F-16F7-4668-BE54-9A1E7A4F7556}") = "M005", "M005\M005.csproj", "{DA64E90F-6ECF-4ABB-993A-1990F880EAB2}"
EndProject
Project("{2150E333-8FDC-42A3-9474-1A3956D46DE8}") = "Solution Items", "Solution Items", "{E464DBC7-6CEA-4677-B848-5BC2FDC0A1CD}"
	ProjectSection(SolutionItems) = preProject
		Shortcuts.txt = Shortcuts.txt
	EndProjectSection
EndProject
Project("{9A19103F-16F7-4668-BE54-9A1E7A4F7556}") = "M006", "M006\M006.csproj", "{2CE2EDED-6C0E-464E-9A41-EBAEA9FB1E71}"
EndProject
Project("{9A19103F-16F7-4668-BE54-9A1E7A4F7556}") = "M007", "M007\M007.csproj", "{86931D2E-B62B-4786-9EC8-D93287369907}"
EndProject
Project("{9A19103F-16F7-4668-BE54-9A1E7A4F7556}") = "M008", "M008\M008.csproj", "{153AFA82-CDD8-4994-A654-5E3D05BC71F3}"
EndProject
Project("{9A19103F-16F7-4668-BE54-9A1E7A4F7556}") = "M009", "M009\M009.csproj", "{F1F7D7D9-F5C3-44C5-867C-74D163BB44AE}"
EndProject
Project("{9A19103F-16F7-4668-BE54-9A1E7A4F7556}") = "M010", "M010\M010.csproj", "{01AFA17D-1E68-4BA8-AD83-85E7A10778F3}"
EndProject
Project("{9A19103F-16F7-4668-BE54-9A1E7A4F7556}") = "M011", "M011\M011.csproj", "{38224835-4F84-4933-AA51-A29910520046}"
EndProject
Project("{9A19103F-16F7-4668-BE54-9A1E7A4F7556}") = "M012", "M012\M012.csproj", "{F06A81FA-0E78-4517-B41D-D518CAD50F9E}"
EndProject
Project("{9A19103F-16F7-4668-BE54-9A1E7A4F7556}") = "M013", "M013\M013.csproj", "{D700EC1E-DC80-40CF-998B-BB6750599843}"
EndProject
Project("{9A19103F-16F7-4668-BE54-9A1E7A4F7556}") = "M014", "M014\M014.csproj", "{65BBA290-CB20-4B12-BED6-A46BDBFBC9DA}"
EndProject
Project("{FAE04EC0-301F-11D3-BF4B-00C04F79EFBC}") = "M014_Tests", "M014_Tests\M014_Tests.csproj", "{06F677B3-FCAD-488B-8689-B04A9911C7EB}"
EndProject
Global
	GlobalSection(SolutionConfigurationPlatforms) = preSolution
		Debug|Any CPU = Debug|Any CPU
		Release|Any CPU = Release|Any CPU
	EndGlobalSection
	GlobalSection(ProjectConfigurationPlatforms) = postSolution
		{B99B2983-1DFD-4CB0-A143-9FAA8E293974}.Debug|Any CPU.ActiveCfg = Debug|Any CPU
		{B99B2983-1DFD-4CB0-A143-9FAA8E293974}.Debug|Any CPU.Build.0 = Debug|Any CPU
		{B99B2983-1DFD-4CB0-A143-9FAA8E293974}.Release|Any CPU.ActiveCfg = Release|Any CPU
		{B99B2983-1DFD-4CB0-A143-9FAA8E293974}.Release|Any CPU.Build.0 = Release|Any CPU
		{D1F59C8C-A26B-4955-B47C-CDF19136B8F2}.Debug|Any CPU.ActiveCfg = Debug|Any CPU
		{D1F59C8C-A26B-4955-B47C-CDF19136B8F2}.Debug|Any CPU.Build.0 = Debug|Any CPU
		{D1F59C8C-A26B-4955-B47C-CDF19136B8F2}.Release|Any CPU.ActiveCfg = Release|Any CPU
		{D1F59C8C-A26B-4955-B47C-CDF19136B8F2}.Release|Any CPU.Build.0 = Release|Any CPU
		{F1570C63-BA80-485C-B86B-0D720618DA40}.Debug|Any CPU.ActiveCfg = Debug|Any CPU
		{F1570C63-BA80-485C-B86B-0D720618DA40}.Debug|Any CPU.Build.0 = Debug|Any CPU
		{F1570C63-BA80-485C-B86B-0D720618DA40}.Release|Any CPU.ActiveCfg = Release|Any CPU
		{F1570C63-BA80-485C-B86B-0D720618DA40}.Release|Any CPU.Build.0 = Release|Any CPU
		{86801E99-048E-4303-8B08-0EABC374087C}.Debug|Any CPU.ActiveCfg = Debug|Any CPU
		{86801E99-048E-4303-8B08-0EABC374087C}.Debug|Any CPU.Build.0 = Debug|Any CPU
		{86801E99-048E-4303-8B08-0EABC374087C}.Release|Any CPU.ActiveCfg = Release|Any CPU
		{86801E99-048E-4303-8B08-0EABC374087C}.Release|Any CPU.Build.0 = Release|Any CPU
		{F43CE0B0-DADC-45DC-9D1D-3BCD054CC953}.Debug|Any CPU.ActiveCfg = Debug|Any CPU
		{F43CE0B0-DADC-45DC-9D1D-3BCD054CC953}.Debug|Any CPU.Build.0 = Debug|Any CPU
		{F43CE0B0-DADC-45DC-9D1D-3BCD054CC953}.Release|Any CPU.ActiveCfg = Release|Any CPU
		{F43CE0B0-DADC-45DC-9D1D-3BCD054CC953}.Release|Any CPU.Build.0 = Release|Any CPU
		{DA64E90F-6ECF-4ABB-993A-1990F880EAB2}.Debug|Any CPU.ActiveCfg = Debug|Any CPU
		{DA64E90F-6ECF-4ABB-993A-1990F880EAB2}.Debug|Any CPU.Build.0 = Debug|Any CPU
		{DA64E90F-6ECF-4ABB-993A-1990F880EAB2}.Release|Any CPU.ActiveCfg = Release|Any CPU
		{DA64E90F-6ECF-4ABB-993A-1990F880EAB2}.Release|Any CPU.Build.0 = Release|Any CPU
		{2CE2EDED-6C0E-464E-9A41-EBAEA9FB1E71}.Debug|Any CPU.ActiveCfg = Debug|Any CPU
		{2CE2EDED-6C0E-464E-9A41-EBAEA9FB1E71}.Debug|Any CPU.Build.0 = Debug|Any CPU
		{2CE2EDED-6C0E-464E-9A41-EBAEA9FB1E71}.Release|Any CPU.ActiveCfg = Release|Any CPU
		{2CE2EDED-6C0E-464E-9A41-EBAEA9FB1E71}.Release|Any CPU.Build.0 = Release|Any CPU
		{86931D2E-B62B-4786-9EC8-D93287369907}.Debug|Any CPU.ActiveCfg = Debug|Any CPU
		{86931D2E-B62B-4786-9EC8-D93287369907}.Debug|Any CPU.Build.0 = Debug|Any CPU
		{86931D2E-B62B-4786-9EC8-D93287369907}.Release|Any CPU.ActiveCfg = Release|Any CPU
		{86931D2E-B62B-4786-9EC8-D93287369907}.Release|Any CPU.Build.0 = Release|Any CPU
		{153AFA82-CDD8-4994-A654-5E3D05BC71F3}.Debug|Any CPU.ActiveCfg = Debug|Any CPU
		{153AFA82-CDD8-4994-A654-5E3D05BC71F3}.Debug|Any CPU.Build.0 = Debug|Any CPU
		{153AFA82-CDD8-4994-A654-5E3D05BC71F3}.Release|Any CPU.ActiveCfg = Release|Any CPU
		{153AFA82-CDD8-4994-A654-5E3D05BC71F3}.Release|Any CPU.Build.0 = Release|Any CPU
		{F1F7D7D9-F5C3-44C5-867C-74D163BB44AE}.Debug|Any CPU.ActiveCfg = Debug|Any CPU
		{F1F7D7D9-F5C3-44C5-867C-74D163BB44AE}.Debug|Any CPU.Build.0 = Debug|Any CPU
		{F1F7D7D9-F5C3-44C5-867C-74D163BB44AE}.Release|Any CPU.ActiveCfg = Release|Any CPU
		{F1F7D7D9-F5C3-44C5-867C-74D163BB44AE}.Release|Any CPU.Build.0 = Release|Any CPU
		{01AFA17D-1E68-4BA8-AD83-85E7A10778F3}.Debug|Any CPU.ActiveCfg = Debug|Any CPU
		{01AFA17D-1E68-4BA8-AD83-85E7A10778F3}.Debug|Any CPU.Build.0 = Debug|Any CPU
		{01AFA17D-1E68-4BA8-AD83-85E7A10778F3}.Release|Any CPU.ActiveCfg = Release|Any CPU
		{01AFA17D-1E68-4BA8-AD83-85E7A10778F3}.Release|Any CPU.Build.0 = Release|Any CPU
		{38224835-4F84-4933-AA51-A29910520046}.Debug|Any CPU.ActiveCfg = Debug|Any CPU
		{38224835-4F84-4933-AA51-A29910520046}.Debug|Any CPU.Build.0 = Debug|Any CPU
		{38224835-4F84-4933-AA51-A29910520046}.Release|Any CPU.ActiveCfg = Release|Any CPU
		{38224835-4F84-4933-AA51-A29910520046}.Release|Any CPU.Build.0 = Release|Any CPU
		{F06A81FA-0E78-4517-B41D-D518CAD50F9E}.Debug|Any CPU.ActiveCfg = Debug|Any CPU
		{F06A81FA-0E78-4517-B41D-D518CAD50F9E}.Debug|Any CPU.Build.0 = Debug|Any CPU
		{F06A81FA-0E78-4517-B41D-D518CAD50F9E}.Release|Any CPU.ActiveCfg = Release|Any CPU
		{F06A81FA-0E78-4517-B41D-D518CAD50F9E}.Release|Any CPU.Build.0 = Release|Any CPU
		{D700EC1E-DC80-40CF-998B-BB6750599843}.Debug|Any CPU.ActiveCfg = Debug|Any CPU
		{D700EC1E-DC80-40CF-998B-BB6750599843}.Debug|Any CPU.Build.0 = Debug|Any CPU
		{D700EC1E-DC80-40CF-998B-BB6750599843}.Release|Any CPU.ActiveCfg = Release|Any CPU
		{D700EC1E-DC80-40CF-998B-BB6750599843}.Release|Any CPU.Build.0 = Release|Any CPU
		{65BBA290-CB20-4B12-BED6-A46BDBFBC9DA}.Debug|Any CPU.ActiveCfg = Debug|Any CPU
		{65BBA290-CB20-4B12-BED6-A46BDBFBC9DA}.Debug|Any CPU.Build.0 = Debug|Any CPU
		{65BBA290-CB20-4B12-BED6-A46BDBFBC9DA}.Release|Any CPU.ActiveCfg = Release|Any CPU
		{65BBA290-CB20-4B12-BED6-A46BDBFBC9DA}.Release|Any CPU.Build.0 = Release|Any CPU
		{06F677B3-FCAD-488B-8689-B04A9911C7EB}.Debug|Any CPU.ActiveCfg = Debug|Any CPU
		{06F677B3-FCAD-488B-8689-B04A9911C7EB}.Debug|Any CPU.Build.0 = Debug|Any CPU
		{06F677B3-FCAD-488B-8689-B04A9911C7EB}.Release|Any CPU.ActiveCfg = Release|Any CPU
		{06F677B3-FCAD-488B-8689-B04A9911C7EB}.Release|Any CPU.Build.0 = Release|Any CPU
	EndGlobalSection
	GlobalSection(SolutionProperties) = preSolution
		HideSolutionNode = FALSE
	EndGlobalSection
	GlobalSection(ExtensibilityGlobals) = postSolution
		SolutionGuid = {7FF96B6B-E2E3-43D0-A1E7-BBF0E6DECF07}
	EndGlobalSection
EndGlobal
