
Microsoft Visual Studio Solution File, Format Version 12.00
# Visual Studio Version 17
VisualStudioVersion = 17.8.34408.163
MinimumVisualStudioVersion = 10.0.40219.1
Project("{FAE04EC0-301F-11D3-BF4B-00C04F79EFBC}") = "M001", "M001\M001.csproj", "{B99B2983-1DFD-4CB0-A143-9FAA8E293974}"
EndProject
Project("{FAE04EC0-301F-11D3-BF4B-00C04F79EFBC}") = "M002", "M002\M002.csproj", "{D1F59C8C-A26B-4955-B47C-CDF19136B8F2}"
EndProject
Project("{FAE04EC0-301F-11D3-BF4B-00C04F79EFBC}") = "M000", "M000\M000.csproj", "{F1570C63-BA80-485C-B86B-0D720618DA40}"
EndProject
Project("{FAE04EC0-301F-11D3-BF4B-00C04F79EFBC}") = "M003", "M003\M003.csproj", "{86801E99-048E-4303-8B08-0EABC374087C}"
EndProject
Project("{FAE04EC0-301F-11D3-BF4B-00C04F79EFBC}") = "M004", "M004\M004.csproj", "{F43CE0B0-DADC-45DC-9D1D-3BCD054CC953}"
EndProject
Global
	GlobalSection(SolutionConfigurationPlatforms) = preSolution
		Debug|Any CPU = Debug|Any CPU
		Release|Any CPU = Release|Any CPU
	EndGlobalSection
	GlobalSection(ProjectConfigurationPlatforms) = postSolution
		{B99B2983-1DFD-4CB0-A143-9FAA8E293974}.Debug|Any CPU.ActiveCfg = Debug|Any CPU
		{B99B2983-1DFD-4CB0-A143-9FAA8E293974}.Debug|Any CPU.Build.0 = Debug|Any CPU
		{B99B2983-1DFD-4CB0-A143-9FAA8E293974}.Release|Any CPU.ActiveCfg = Release|Any CPU
		{B99B2983-1DFD-4CB0-A143-9FAA8E293974}.Release|Any CPU.Build.0 = Release|Any CPU
		{D1F59C8C-A26B-4955-B47C-CDF19136B8F2}.Debug|Any CPU.ActiveCfg = Debug|Any CPU
		{D1F59C8C-A26B-4955-B47C-CDF19136B8F2}.Debug|Any CPU.Build.0 = Debug|Any CPU
		{D1F59C8C-A26B-4955-B47C-CDF19136B8F2}.Release|Any CPU.ActiveCfg = Release|Any CPU
		{D1F59C8C-A26B-4955-B47C-CDF19136B8F2}.Release|Any CPU.Build.0 = Release|Any CPU
		{F1570C63-BA80-485C-B86B-0D720618DA40}.Debug|Any CPU.ActiveCfg = Debug|Any CPU
		{F1570C63-BA80-485C-B86B-0D720618DA40}.Debug|Any CPU.Build.0 = Debug|Any CPU
		{F1570C63-BA80-485C-B86B-0D720618DA40}.Release|Any CPU.ActiveCfg = Release|Any CPU
		{F1570C63-BA80-485C-B86B-0D720618DA40}.Release|Any CPU.Build.0 = Release|Any CPU
		{86801E99-048E-4303-8B08-0EABC374087C}.Debug|Any CPU.ActiveCfg = Debug|Any CPU
		{86801E99-048E-4303-8B08-0EABC374087C}.Debug|Any CPU.Build.0 = Debug|Any CPU
		{86801E99-048E-4303-8B08-0EABC374087C}.Release|Any CPU.ActiveCfg = Release|Any CPU
		{86801E99-048E-4303-8B08-0EABC374087C}.Release|Any CPU.Build.0 = Release|Any CPU
		{F43CE0B0-DADC-45DC-9D1D-3BCD054CC953}.Debug|Any CPU.ActiveCfg = Debug|Any CPU
		{F43CE0B0-DADC-45DC-9D1D-3BCD054CC953}.Debug|Any CPU.Build.0 = Debug|Any CPU
		{F43CE0B0-DADC-45DC-9D1D-3BCD054CC953}.Release|Any CPU.ActiveCfg = Release|Any CPU
		{F43CE0B0-DADC-45DC-9D1D-3BCD054CC953}.Release|Any CPU.Build.0 = Release|Any CPU
	EndGlobalSection
	GlobalSection(SolutionProperties) = preSolution
		HideSolutionNode = FALSE
	EndGlobalSection
	GlobalSection(ExtensibilityGlobals) = postSolution
		SolutionGuid = {7FF96B6B-E2E3-43D0-A1E7-BBF0E6DECF07}
	EndGlobalSection
EndGlobal
